
Microsoft Visual Studio Solution File, Format Version 12.00
# Visual Studio Version 17
VisualStudioVersion = 17.8.34330.188
MinimumVisualStudioVersion = 10.0.40219.1
Project("{FAE04EC0-301F-11D3-BF4B-00C04F79EFBC}") = "Client", "Client\Client.csproj", "{972A1ECE-23DC-46CE-954D-A3F5E04AF630}"
EndProject
Project("{FAE04EC0-301F-11D3-BF4B-00C04F79EFBC}") = "Server", "Server\Server.csproj", "{8A70BFCF-A130-46E6-B91F-707B7435F23F}"
EndProject
Project("{FAE04EC0-301F-11D3-BF4B-00C04F79EFBC}") = "BaseLibrary", "BaseLibary\BaseLibrary.csproj", "{3BD8F268-656A-4426-B15B-3967916A71CF}"
EndProject
Project("{FAE04EC0-301F-11D3-BF4B-00C04F79EFBC}") = "ServerLibrary", "ServerLibrary\ServerLibrary.csproj", "{DCCFCBDC-6609-436E-9E11-D832B574E264}"
EndProject
Project("{FAE04EC0-301F-11D3-BF4B-00C04F79EFBC}") = "ClientLibrary", "ClientLibary\ClientLibrary.csproj", "{3FE6D529-9E08-478F-BC8A-D055AE5756DC}"
EndProject
Global
	GlobalSection(SolutionConfigurationPlatforms) = preSolution
		Debug|Any CPU = Debug|Any CPU
		Release|Any CPU = Release|Any CPU
	EndGlobalSection
	GlobalSection(ProjectConfigurationPlatforms) = postSolution
		{972A1ECE-23DC-46CE-954D-A3F5E04AF630}.Debug|Any CPU.ActiveCfg = Debug|Any CPU
		{972A1ECE-23DC-46CE-954D-A3F5E04AF630}.Debug|Any CPU.Build.0 = Debug|Any CPU
		{972A1ECE-23DC-46CE-954D-A3F5E04AF630}.Release|Any CPU.ActiveCfg = Release|Any CPU
		{972A1ECE-23DC-46CE-954D-A3F5E04AF630}.Release|Any CPU.Build.0 = Release|Any CPU
		{8A70BFCF-A130-46E6-B91F-707B7435F23F}.Debug|Any CPU.ActiveCfg = Debug|Any CPU
		{8A70BFCF-A130-46E6-B91F-707B7435F23F}.Debug|Any CPU.Build.0 = Debug|Any CPU
		{8A70BFCF-A130-46E6-B91F-707B7435F23F}.Release|Any CPU.ActiveCfg = Release|Any CPU
		{8A70BFCF-A130-46E6-B91F-707B7435F23F}.Release|Any CPU.Build.0 = Release|Any CPU
		{3BD8F268-656A-4426-B15B-3967916A71CF}.Debug|Any CPU.ActiveCfg = Debug|Any CPU
		{3BD8F268-656A-4426-B15B-3967916A71CF}.Debug|Any CPU.Build.0 = Debug|Any CPU
		{3BD8F268-656A-4426-B15B-3967916A71CF}.Release|Any CPU.ActiveCfg = Release|Any CPU
		{3BD8F268-656A-4426-B15B-3967916A71CF}.Release|Any CPU.Build.0 = Release|Any CPU
		{DCCFCBDC-6609-436E-9E11-D832B574E264}.Debug|Any CPU.ActiveCfg = Debug|Any CPU
		{DCCFCBDC-6609-436E-9E11-D832B574E264}.Debug|Any CPU.Build.0 = Debug|Any CPU
		{DCCFCBDC-6609-436E-9E11-D832B574E264}.Release|Any CPU.ActiveCfg = Release|Any CPU
		{DCCFCBDC-6609-436E-9E11-D832B574E264}.Release|Any CPU.Build.0 = Release|Any CPU
		{3FE6D529-9E08-478F-BC8A-D055AE5756DC}.Debug|Any CPU.ActiveCfg = Debug|Any CPU
		{3FE6D529-9E08-478F-BC8A-D055AE5756DC}.Debug|Any CPU.Build.0 = Debug|Any CPU
		{3FE6D529-9E08-478F-BC8A-D055AE5756DC}.Release|Any CPU.ActiveCfg = Release|Any CPU
		{3FE6D529-9E08-478F-BC8A-D055AE5756DC}.Release|Any CPU.Build.0 = Release|Any CPU
	EndGlobalSection
	GlobalSection(SolutionProperties) = preSolution
		HideSolutionNode = FALSE
	EndGlobalSection
	GlobalSection(ExtensibilityGlobals) = postSolution
		SolutionGuid = {1EB0F109-F3DA-4A9B-A640-8C82C765B85F}
	EndGlobalSection
EndGlobal
